# THIS IS AN AUTOGENERATED FILE. DO NOT EDIT THIS FILE DIRECTLY.
# yarn lockfile v1


"@ant-design/icons-react@~1.1.2":
  version "1.1.2"
  resolved "https://registry.yarnpkg.com/@ant-design/icons-react/-/icons-react-1.1.2.tgz#df25c4560864f8a3b687b305c3238daff048ed72"
  integrity sha512-7Fgt9d8ABgxrhZxsFjHk/VpPcxodQJJhbJO8Lsh7u58pGN4NoxxW++92naeGTXCyqZsbDPBReP+SC0bdBtbsGQ==
  dependencies:
    ant-design-palettes "^1.1.3"
    babel-runtime "^6.26.0"

"@ant-design/icons@~1.1.16":
  version "1.1.16"
  resolved "https://registry.yarnpkg.com/@ant-design/icons/-/icons-1.1.16.tgz#ac6426216934e3f4bc108f2f48f92ed66789235e"
  integrity sha512-0zNVP5JYBJkfMi9HotN6QBQjF3SFmUlumJNJXZIH+pZWp/5EbrCczzlG3YTmBWoyRHAsuOGIjSFIy8v/76DTPg==

"@babel/runtime@^7.1.2", "@babel/runtime@^7.2.0":
  version "7.2.0"
  resolved "https://registry.yarnpkg.com/@babel/runtime/-/runtime-7.2.0.tgz#b03e42eeddf5898e00646e4c840fa07ba8dcad7f"
  integrity sha512-oouEibCbHMVdZSDlJBO6bZmID/zA/G/Qx3H1d3rSNPTD+L8UNKvCat7aKWSJ74zYbm5zWGh0GQN0hKj8zYFTCg==
  dependencies:
    regenerator-runtime "^0.12.0"

"@semantic-ui-react/event-stack@^3.0.1":
  version "3.0.1"
  resolved "https://registry.yarnpkg.com/@semantic-ui-react/event-stack/-/event-stack-3.0.1.tgz#41d0b095ac94cc5e1607a4fed4d0f8860d0d2e60"
  integrity sha512-9YNRr0z9GEvk/yvIzAzv0sbYa/FPrtWTYibu+chJ0CEMQjYDjUdRSqtxXOvP0eM6kZjD1G/Oy1LhPiHG7DRHsg==
  dependencies:
    exenv "^1.2.2"
    prop-types "^15.6.2"

add-dom-event-listener@^1.1.0:
  version "1.1.0"
  resolved "https://registry.yarnpkg.com/add-dom-event-listener/-/add-dom-event-listener-1.1.0.tgz#6a92db3a0dd0abc254e095c0f1dc14acbbaae310"
  integrity sha512-WCxx1ixHT0GQU9hb0KI/mhgRQhnU+U3GvwY6ZvVjYq8rsihIGoaIOUbY0yMPBxLH5MDtr0kz3fisWGNcbWW7Jw==
  dependencies:
    object-assign "4.x"

ant-design-palettes@^1.1.3:
  version "1.1.3"
  resolved "https://registry.yarnpkg.com/ant-design-palettes/-/ant-design-palettes-1.1.3.tgz#84119b1a4d86363adc52a38d587e65336a0a27dd"
  integrity sha512-UpkkTp8egEN21KZNvY7sTcabLlkHvLvS71EVPk4CYi77Z9AaGGCaVn7i72tbOgWDrQp2wjIg8WgMbKBdK7GtWA==
  dependencies:
    tinycolor2 "^1.4.1"

antd@^3.12.3:
  version "3.12.3"
  resolved "https://registry.yarnpkg.com/antd/-/antd-3.12.3.tgz#ffb409c5317e17583bf8493a4726d77ac839c7d2"
  integrity sha512-fKLqE5rqiAqKwi3nT8lopYZFj/Kbc3UCEkX4EsZOh8ZZHVNGirvZofRxLt4smpHmpj6NLbhR6va/kXLFe35RiQ==
  dependencies:
    "@ant-design/icons" "~1.1.16"
    "@ant-design/icons-react" "~1.1.2"
    array-tree-filter "^2.1.0"
    babel-runtime "6.x"
    classnames "~2.2.6"
    create-react-class "^15.6.3"
    create-react-context "0.2.2"
    css-animation "^1.5.0"
    dom-closest "^0.2.0"
    enquire.js "^2.1.6"
    lodash "^4.17.11"
    moment "^2.22.2"
    omit.js "^1.0.0"
    prop-types "^15.6.2"
    raf "^3.4.0"
    rc-animate "^2.5.4"
    rc-calendar "~9.10.3"
    rc-cascader "~0.17.0"
    rc-checkbox "~2.1.5"
    rc-collapse "~1.10.2"
    rc-dialog "~7.3.0"
    rc-drawer "~1.7.6"
    rc-dropdown "~2.4.1"
    rc-editor-mention "^1.1.7"
    rc-form "^2.4.0"
    rc-input-number "~4.3.7"
    rc-menu "~7.4.12"
    rc-notification "~3.3.0"
    rc-pagination "~1.17.7"
    rc-progress "~2.2.6"
    rc-rate "~2.5.0"
    rc-select "^8.6.7"
    rc-slider "~8.6.3"
    rc-steps "~3.3.0"
    rc-switch "~1.8.0"
    rc-table "~6.4.0"
    rc-tabs "~9.5.2"
    rc-time-picker "~3.5.0"
    rc-tooltip "~3.7.3"
    rc-tree "~1.14.6"
    rc-tree-select "~2.5.0"
    rc-trigger "^2.6.2"
    rc-upload "~2.6.0"
    rc-util "^4.5.1"
    react-lazy-load "^3.0.13"
    react-lifecycles-compat "^3.0.4"
    react-slick "~0.23.2"
    resize-observer-polyfill "^1.5.0"
    shallowequal "^1.1.0"
    warning "~4.0.2"

array-tree-filter@^2.1.0:
  version "2.1.0"
  resolved "https://registry.yarnpkg.com/array-tree-filter/-/array-tree-filter-2.1.0.tgz#873ac00fec83749f255ac8dd083814b4f6329190"
  integrity sha512-4ROwICNlNw/Hqa9v+rk5h22KjmzB1JGTMVKP2AKJBOCgb0yL0ASf0+YvCcLNNwquOHNX48jkeZIJ3a+oOQqKcw==

asap@~2.0.3:
  version "2.0.6"
  resolved "https://registry.yarnpkg.com/asap/-/asap-2.0.6.tgz#e50347611d7e690943208bbdafebcbc2fb866d46"
  integrity sha1-5QNHYR1+aQlDIIu9r+vLwvuGbUY=

async-validator@~1.8.5:
  version "1.8.5"
  resolved "https://registry.yarnpkg.com/async-validator/-/async-validator-1.8.5.tgz#dc3e08ec1fd0dddb67e60842f02c0cd1cec6d7f0"
  integrity sha512-tXBM+1m056MAX0E8TL2iCjg8WvSyXu0Zc8LNtYqrVeyoL3+esHRZ4SieE9fKQyyU09uONjnMEjrNBMqT0mbvmA==
  dependencies:
    babel-runtime "6.x"

babel-runtime@6.x, babel-runtime@^6.23.0, babel-runtime@^6.25.0, babel-runtime@^6.26.0:
  version "6.26.0"
  resolved "https://registry.yarnpkg.com/babel-runtime/-/babel-runtime-6.26.0.tgz#965c7058668e82b55d7bfe04ff2337bc8b5647fe"
  integrity sha1-llxwWGaOgrVde/4E/yM3vItWR/4=
  dependencies:
    core-js "^2.4.0"
    regenerator-runtime "^0.11.0"

classnames@2.x, classnames@^2.2.0, classnames@^2.2.1, classnames@^2.2.3, classnames@^2.2.5, classnames@^2.2.6, classnames@~2.2.6:
  version "2.2.6"
  resolved "https://registry.yarnpkg.com/classnames/-/classnames-2.2.6.tgz#43935bffdd291f326dad0a205309b38d00f650ce"
  integrity sha512-JR/iSQOSt+LQIWwrwEzJ9uk0xfN3mTVYMwt1Ir5mUcSN6pU+V4zQFFaJsclJbPuAUQH+yfWef6tm7l1quW3C8Q==

component-classes@1.x, component-classes@^1.2.5, component-classes@^1.2.6:
  version "1.2.6"
  resolved "https://registry.yarnpkg.com/component-classes/-/component-classes-1.2.6.tgz#c642394c3618a4d8b0b8919efccbbd930e5cd691"
  integrity sha1-xkI5TDYYpNiwuJGe/Mu9kw5c1pE=
  dependencies:
    component-indexof "0.0.3"

component-indexof@0.0.3:
  version "0.0.3"
  resolved "https://registry.yarnpkg.com/component-indexof/-/component-indexof-0.0.3.tgz#11d091312239eb8f32c8f25ae9cb002ffe8d3c24"
  integrity sha1-EdCRMSI5648yyPJa6csAL/6NPCQ=

core-js@^1.0.0:
  version "1.2.7"
  resolved "https://registry.yarnpkg.com/core-js/-/core-js-1.2.7.tgz#652294c14651db28fa93bd2d5ff2983a4f08c636"
  integrity sha1-ZSKUwUZR2yj6k70tX/KYOk8IxjY=

core-js@^2.4.0:
  version "2.6.2"
  resolved "https://registry.yarnpkg.com/core-js/-/core-js-2.6.2.tgz#267988d7268323b349e20b4588211655f0e83944"
  integrity sha512-NdBPF/RVwPW6jr0NCILuyN9RiqLo2b1mddWHkUL+VnvcB7dzlnBJ1bXYntjpTGOgkZiiLWj2JxmOr7eGE3qK6g==

create-react-class@^15.5.3, create-react-class@^15.6.0, create-react-class@^15.6.3:
  version "15.6.3"
  resolved "https://registry.yarnpkg.com/create-react-class/-/create-react-class-15.6.3.tgz#2d73237fb3f970ae6ebe011a9e66f46dbca80036"
  integrity sha512-M+/3Q6E6DLO6Yx3OwrWjwHBnvfXXYA7W+dFjt/ZDBemHO1DDZhsalX/NUtnTYclN6GfnBDRh4qRHjcDHmlJBJg==
  dependencies:
    fbjs "^0.8.9"
    loose-envify "^1.3.1"
    object-assign "^4.1.1"

create-react-context@0.2.2:
  version "0.2.2"
  resolved "https://registry.yarnpkg.com/create-react-context/-/create-react-context-0.2.2.tgz#9836542f9aaa22868cd7d4a6f82667df38019dca"
  integrity sha512-KkpaLARMhsTsgp0d2NA/R94F/eDLbhXERdIq3LvX2biCAXcDvHYoOqHfWCHf1+OLj+HKBotLG3KqaOOf+C1C+A==
  dependencies:
    fbjs "^0.8.0"
    gud "^1.0.0"

css-animation@1.x, css-animation@^1.3.2, css-animation@^1.5.0:
  version "1.5.0"
  resolved "https://registry.yarnpkg.com/css-animation/-/css-animation-1.5.0.tgz#c96b9097a5ef74a7be8480b45cc44e4ec6ca2bf5"
  integrity sha512-hWYoWiOZ7Vr20etzLh3kpWgtC454tW5vn4I6rLANDgpzNSkO7UfOqyCEeaoBSG9CYWQpRkFWTWbWW8o3uZrNLw==
  dependencies:
    babel-runtime "6.x"
    component-classes "^1.2.5"

deep-diff@^0.3.5:
  version "0.3.8"
  resolved "https://registry.yarnpkg.com/deep-diff/-/deep-diff-0.3.8.tgz#c01de63efb0eec9798801d40c7e0dae25b582c84"
  integrity sha1-wB3mPvsO7JeYgB1Ax+Da4ltYLIQ=

dom-align@^1.7.0:
  version "1.8.0"
  resolved "https://registry.yarnpkg.com/dom-align/-/dom-align-1.8.0.tgz#c0e89b5b674c6e836cd248c52c2992135f093654"
  integrity sha512-B85D4ef2Gj5lw0rK0KM2+D5/pH7yqNxg2mB+E8uzFaolpm7RQmsxEfjyEuNiF8UBBkffumYDeKRzTzc3LePP+w==

dom-closest@^0.2.0:
  version "0.2.0"
  resolved "https://registry.yarnpkg.com/dom-closest/-/dom-closest-0.2.0.tgz#ebd9f91d1bf22e8d6f477876bbcd3ec90216c0cf"
  integrity sha1-69n5HRvyLo1vR3h2u80+yQIWwM8=
  dependencies:
    dom-matches ">=1.0.1"

dom-matches@>=1.0.1:
  version "2.0.0"
  resolved "https://registry.yarnpkg.com/dom-matches/-/dom-matches-2.0.0.tgz#d2728b416a87533980eb089b848d253cf23a758c"
  integrity sha1-0nKLQWqHUzmA6wibhI0lPPI6dYw=

dom-scroll-into-view@1.x, dom-scroll-into-view@^1.2.0:
  version "1.2.1"
  resolved "https://registry.yarnpkg.com/dom-scroll-into-view/-/dom-scroll-into-view-1.2.1.tgz#e8f36732dd089b0201a88d7815dc3f88e6d66c7e"
  integrity sha1-6PNnMt0ImwIBqI14Fdw/iObWbH4=

draft-js@^0.10.0, draft-js@~0.10.0:
  version "0.10.5"
  resolved "https://registry.yarnpkg.com/draft-js/-/draft-js-0.10.5.tgz#bfa9beb018fe0533dbb08d6675c371a6b08fa742"
  integrity sha512-LE6jSCV9nkPhfVX2ggcRLA4FKs6zWq9ceuO/88BpXdNCS7mjRTgs0NsV6piUCJX9YxMsB9An33wnkMmU2sD2Zg==
  dependencies:
    fbjs "^0.8.15"
    immutable "~3.7.4"
    object-assign "^4.1.0"

encoding@^0.1.11:
  version "0.1.12"
  resolved "https://registry.yarnpkg.com/encoding/-/encoding-0.1.12.tgz#538b66f3ee62cd1ab51ec323829d1f9480c74beb"
  integrity sha1-U4tm8+5izRq1HsMjgp0flIDHS+s=
  dependencies:
    iconv-lite "~0.4.13"

enquire.js@^2.1.6:
  version "2.1.6"
  resolved "https://registry.yarnpkg.com/enquire.js/-/enquire.js-2.1.6.tgz#3e8780c9b8b835084c3f60e166dbc3c2a3c89814"
  integrity sha1-PoeAybi4NQhMP2DhZtvDwqPImBQ=

es6-error@^4.1.1:
  version "4.1.1"
  resolved "https://registry.yarnpkg.com/es6-error/-/es6-error-4.1.1.tgz#9e3af407459deed47e9a91f9b885a84eb05c561d"
  integrity sha512-Um/+FxMr9CISWh0bi5Zv0iOD+4cFh5qLeks1qhAopKVAJw3drgKbKySikp7wGhDL0HPeaja0P5ULZrxLkniUVg==

eventlistener@0.0.1:
  version "0.0.1"
  resolved "https://registry.yarnpkg.com/eventlistener/-/eventlistener-0.0.1.tgz#ed2baabb852227af2bcf889152c72c63ca532eb8"
  integrity sha1-7Suqu4UiJ68rz4iRUscsY8pTLrg=

exenv@^1.2.2:
  version "1.2.2"
  resolved "https://registry.yarnpkg.com/exenv/-/exenv-1.2.2.tgz#2ae78e85d9894158670b03d47bec1f03bd91bb9d"
  integrity sha1-KueOhdmJQVhnCwPUe+wfA72Ru50=

fbjs@^0.8.0, fbjs@^0.8.15, fbjs@^0.8.16, fbjs@^0.8.9:
  version "0.8.17"
  resolved "https://registry.yarnpkg.com/fbjs/-/fbjs-0.8.17.tgz#c4d598ead6949112653d6588b01a5cdcd9f90fdd"
  integrity sha1-xNWY6taUkRJlPWWIsBpc3Nn5D90=
  dependencies:
    core-js "^1.0.0"
    isomorphic-fetch "^2.1.1"
    loose-envify "^1.0.0"
    object-assign "^4.1.0"
    promise "^7.1.1"
    setimmediate "^1.0.5"
    ua-parser-js "^0.7.18"

gud@^1.0.0:
  version "1.0.0"
  resolved "https://registry.yarnpkg.com/gud/-/gud-1.0.0.tgz#a489581b17e6a70beca9abe3ae57de7a499852c0"
  integrity sha512-zGEOVKFM5sVPPrYs7J5/hYEw2Pof8KCyOwyhG8sAF26mCAeUFAcYPu1mwB7hhpIP29zOIBaDqwuHdLp0jvZXjw==

hammerjs@^2.0.8:
  version "2.0.8"
  resolved "https://registry.yarnpkg.com/hammerjs/-/hammerjs-2.0.8.tgz#04ef77862cff2bb79d30f7692095930222bf60f1"
  integrity sha1-BO93hiz/K7edMPdpIJWTAiK/YPE=

history@^4.7.2:
  version "4.7.2"
  resolved "https://registry.yarnpkg.com/history/-/history-4.7.2.tgz#22b5c7f31633c5b8021c7f4a8a954ac139ee8d5b"
  integrity sha512-1zkBRWW6XweO0NBcjiphtVJVsIQ+SXF29z9DVkceeaSLVMFXHool+fdCZD4spDCfZJCILPILc3bm7Bc+HRi0nA==
  dependencies:
    invariant "^2.2.1"
    loose-envify "^1.2.0"
    resolve-pathname "^2.2.0"
    value-equal "^0.4.0"
    warning "^3.0.0"

hoist-non-react-statics@^2.3.1, hoist-non-react-statics@^2.5.0, hoist-non-react-statics@^2.5.4:
  version "2.5.5"
  resolved "https://registry.yarnpkg.com/hoist-non-react-statics/-/hoist-non-react-statics-2.5.5.tgz#c5903cf409c0dfd908f388e619d86b9c1174cb47"
  integrity sha512-rqcy4pJo55FTTLWt+bU8ukscqHeE/e9KWvsOW2b/a3afxQZhwkQdT1rPPCJ0rYXdj4vNcasY8zHTH+jF/qStxw==

hoist-non-react-statics@^3.2.1:
  version "3.2.1"
  resolved "https://registry.yarnpkg.com/hoist-non-react-statics/-/hoist-non-react-statics-3.2.1.tgz#c09c0555c84b38a7ede6912b61efddafd6e75e1e"
  integrity sha512-TFsu3TV3YLY+zFTZDrN8L2DTFanObwmBLpWvJs1qfUuEQ5bTAdFcwfx2T/bsCXfM9QHSLvjfP+nihEl0yvozxw==
  dependencies:
    react-is "^16.3.2"

iconv-lite@~0.4.13:
  version "0.4.24"
  resolved "https://registry.yarnpkg.com/iconv-lite/-/iconv-lite-0.4.24.tgz#2022b4b25fbddc21d2f524974a474aafe733908b"
  integrity sha512-v3MXnZAcvnywkTUEZomIActle7RXXeedOR31wwl7VlyoXO4Qi9arvSenNQWne1TcRwhCL1HwLI21bEqdpj8/rA==
  dependencies:
    safer-buffer ">= 2.1.2 < 3"

immutable@^3.7.4:
  version "3.8.2"
  resolved "https://registry.yarnpkg.com/immutable/-/immutable-3.8.2.tgz#c2439951455bb39913daf281376f1530e104adf3"
  integrity sha1-wkOZUUVbs5kT2vKBN28VMOEErfM=

immutable@~3.7.4:
  version "3.7.6"
  resolved "https://registry.yarnpkg.com/immutable/-/immutable-3.7.6.tgz#13b4d3cb12befa15482a26fe1b2ebae640071e4b"
  integrity sha1-E7TTyxK++hVIKib+Gy665kAHHks=

invariant@^2.2.1, invariant@^2.2.4:
  version "2.2.4"
  resolved "https://registry.yarnpkg.com/invariant/-/invariant-2.2.4.tgz#610f3c92c9359ce1db616e538008d23ff35158e6"
  integrity sha512-phJfQVBuaJM5raOpJjSfkiD6BpbCE4Ns//LaXl6wGYtUBY83nWS6Rf9tXm2e8VaK60JEjYldbPif/A2B1C2gNA==
  dependencies:
    loose-envify "^1.0.0"

is-negative-zero@^2.0.0:
  version "2.0.0"
  resolved "https://registry.yarnpkg.com/is-negative-zero/-/is-negative-zero-2.0.0.tgz#9553b121b0fac28869da9ed459e20c7543788461"
  integrity sha1-lVOxIbD6wohp2p7UWeIMdUN4hGE=

is-promise@^2.1.0:
  version "2.1.0"
  resolved "https://registry.yarnpkg.com/is-promise/-/is-promise-2.1.0.tgz#79a2a9ece7f096e80f36d2b2f3bc16c1ff4bf3fa"
  integrity sha1-eaKp7OfwlugPNtKy87wWwf9L8/o=

is-stream@^1.0.1:
  version "1.1.0"
  resolved "https://registry.yarnpkg.com/is-stream/-/is-stream-1.1.0.tgz#12d4a3dd4e68e0b79ceb8dbc84173ae80d91ca44"
  integrity sha1-EtSj3U5o4Lec6428hBc66A2RykQ=

isarray@0.0.1:
  version "0.0.1"
  resolved "https://registry.yarnpkg.com/isarray/-/isarray-0.0.1.tgz#8a18acfca9a8f4177e09abfc6038939b05d1eedf"
  integrity sha1-ihis/Kmo9Bd+Cav8YDiTmwXR7t8=

ismobilejs@^0.5.1:
  version "0.5.1"
  resolved "https://registry.yarnpkg.com/ismobilejs/-/ismobilejs-0.5.1.tgz#0e3f825e29e32f84ad5ddbb60e9e04a894046488"
  integrity sha512-QX4STsOcBYqlTjVGuAdP1MiRVxtiUbRHOKH0v7Gn1EvfUVIQnrSdgCM4zB4VCZuIejnb2NUMUx0Bwd3EIG6yyA==

isomorphic-fetch@^2.1.1:
  version "2.2.1"
  resolved "https://registry.yarnpkg.com/isomorphic-fetch/-/isomorphic-fetch-2.2.1.tgz#611ae1acf14f5e81f729507472819fe9733558a9"
  integrity sha1-YRrhrPFPXoH3KVB0coGf6XM1WKk=
  dependencies:
    node-fetch "^1.0.1"
    whatwg-fetch ">=0.10.0"

"js-tokens@^3.0.0 || ^4.0.0":
  version "4.0.0"
  resolved "https://registry.yarnpkg.com/js-tokens/-/js-tokens-4.0.0.tgz#19203fb59991df98e3a287050d4647cdeaf32499"
  integrity sha512-RdJUflcE3cUzKiMqQgsCu06FPu9UdIJO0beYbPhHN4k6apgJtifcoCtT9bcxOpYBtpD2kCM6Sbzg4CausW/PKQ==

json2mq@^0.2.0:
  version "0.2.0"
  resolved "https://registry.yarnpkg.com/json2mq/-/json2mq-0.2.0.tgz#b637bd3ba9eabe122c83e9720483aeb10d2c904a"
  integrity sha1-tje9O6nqvhIsg+lyBIOusQ0skEo=
  dependencies:
    string-convert "^0.2.0"

keyboard-key@^1.0.2:
  version "1.0.2"
  resolved "https://registry.yarnpkg.com/keyboard-key/-/keyboard-key-1.0.2.tgz#212e14dde4c2059814336159bbc5acd0a348ca6b"
  integrity sha512-05cjQmw4ss/YuY2utmVim0wywDyBZGUivo8siLPkWinwGWtKlO8/4RGbPUqNycwlD3u/3D15eNRjnNAyaTDs8g==

lodash-es@^4.17.10, lodash-es@^4.17.11:
  version "4.17.11"
  resolved "https://registry.yarnpkg.com/lodash-es/-/lodash-es-4.17.11.tgz#145ab4a7ac5c5e52a3531fb4f310255a152b4be0"
  integrity sha512-DHb1ub+rMjjrxqlB3H56/6MXtm1lSksDp2rA2cNWjG8mlDUYFhUj3Di2Zn5IwSU87xLv8tNIQ7sSwE/YOX/D/Q==

lodash._getnative@^3.0.0:
  version "3.9.1"
  resolved "https://registry.yarnpkg.com/lodash._getnative/-/lodash._getnative-3.9.1.tgz#570bc7dede46d61cdcde687d65d3eecbaa3aaff5"
  integrity sha1-VwvH3t5G1hzc3mh9ZdPuy6o6r/U=

lodash.debounce@^4.0.0, lodash.debounce@^4.0.8:
  version "4.0.8"
  resolved "https://registry.yarnpkg.com/lodash.debounce/-/lodash.debounce-4.0.8.tgz#82d79bff30a67c4005ffd5e2515300ad9ca4d7af"
  integrity sha1-gteb/zCmfEAF/9XiUVMArZyk168=

lodash.isarguments@^3.0.0:
  version "3.1.0"
  resolved "https://registry.yarnpkg.com/lodash.isarguments/-/lodash.isarguments-3.1.0.tgz#2f573d85c6a24289ff00663b491c1d338ff3458a"
  integrity sha1-L1c9hcaiQon/AGY7SRwdM4/zRYo=

lodash.isarray@^3.0.0:
  version "3.0.4"
  resolved "https://registry.yarnpkg.com/lodash.isarray/-/lodash.isarray-3.0.4.tgz#79e4eb88c36a8122af86f844aa9bcd851b5fbb55"
  integrity sha1-eeTriMNqgSKvhvhEqpvNhRtfu1U=

lodash.keys@^3.1.2:
  version "3.1.2"
  resolved "https://registry.yarnpkg.com/lodash.keys/-/lodash.keys-3.1.2.tgz#4dbc0472b156be50a0b286855d1bd0b0c656098a"
  integrity sha1-TbwEcrFWvlCgsoaFXRvQsMZWCYo=
  dependencies:
    lodash._getnative "^3.0.0"
    lodash.isarguments "^3.0.0"
    lodash.isarray "^3.0.0"

lodash.throttle@^4.0.0:
  version "4.1.1"
  resolved "https://registry.yarnpkg.com/lodash.throttle/-/lodash.throttle-4.1.1.tgz#c23e91b710242ac70c37f1e1cda9274cc39bf2f4"
  integrity sha1-wj6RtxAkKscMN/HhzaknTMOb8vQ=

lodash@^4.16.5, lodash@^4.17.10, lodash@^4.17.11, lodash@^4.17.4, lodash@^4.17.5:
  version "4.17.11"
  resolved "https://registry.yarnpkg.com/lodash/-/lodash-4.17.11.tgz#b39ea6229ef607ecd89e2c8df12536891cac9b8d"
  integrity sha512-cQKh8igo5QUhZ7lg38DYWAxMvjSAKG0A8wGSVimP07SIUEK2UO+arSRKbRZWtelMtN5V0Hkwh5ryOto/SshYIg==

loose-envify@^1.0.0, loose-envify@^1.1.0, loose-envify@^1.2.0, loose-envify@^1.3.1, loose-envify@^1.4.0:
  version "1.4.0"
  resolved "https://registry.yarnpkg.com/loose-envify/-/loose-envify-1.4.0.tgz#71ee51fa7be4caec1a63839f7e682d8132d30caf"
  integrity sha512-lyuxPGr/Wfhrlem2CL/UcnUc1zcqKAImBDzukY7Y5F/yQiNdko6+fRLevlw1HgMySw7f611UIY408EtxRSoK3Q==
  dependencies:
    js-tokens "^3.0.0 || ^4.0.0"

mini-store@^2.0.0:
  version "2.0.0"
  resolved "https://registry.yarnpkg.com/mini-store/-/mini-store-2.0.0.tgz#0843c048d6942ce55e3e78b1b67fc063022b5488"
  integrity sha512-EG0CuwpQmX+XL4QVS0kxNwHW5ftSbhygu1qxQH0pipugjnPkbvkalCdQbEihMwtQY6d3MTN+MS0q+aurs+RfLQ==
  dependencies:
    hoist-non-react-statics "^2.3.1"
    prop-types "^15.6.0"
    react-lifecycles-compat "^3.0.4"
    shallowequal "^1.0.2"

moment@2.x, moment@^2.22.2:
  version "2.23.0"
  resolved "https://registry.yarnpkg.com/moment/-/moment-2.23.0.tgz#759ea491ac97d54bac5ad776996e2a58cc1bc225"
  integrity sha512-3IE39bHVqFbWWaPOMHZF98Q9c3LDKGTmypMiTM2QygGXXElkFWIH7GxfmlwmY2vwa+wmNsoYZmG2iusf1ZjJoA==

mutationobserver-shim@^0.3.2:
  version "0.3.3"
  resolved "https://registry.yarnpkg.com/mutationobserver-shim/-/mutationobserver-shim-0.3.3.tgz#65869630bc89d7bf8c9cd9cb82188cd955aacd2b"
  integrity sha512-gciOLNN8Vsf7YzcqRjKzlAJ6y7e+B86u7i3KXes0xfxx/nfLmozlW1Vn+Sc9x3tPIePFgc1AeIFhtRgkqTjzDQ==

node-fetch@^1.0.1:
  version "1.7.3"
  resolved "https://registry.yarnpkg.com/node-fetch/-/node-fetch-1.7.3.tgz#980f6f72d85211a5347c6b2bc18c5b84c3eb47ef"
  integrity sha512-NhZ4CsKx7cYm2vSrBAr2PvFOe6sWDf0UYLRqA6svUYg7+/TSfVAu49jYC4BvQ4Sms9SZgdqGBgroqfDhJdTyKQ==
  dependencies:
    encoding "^0.1.11"
    is-stream "^1.0.1"

object-assign@4.x, object-assign@^4.1.0, object-assign@^4.1.1:
  version "4.1.1"
  resolved "https://registry.yarnpkg.com/object-assign/-/object-assign-4.1.1.tgz#2109adc7965887cfc05cbbd442cac8bfbb360863"
  integrity sha1-IQmtx5ZYh8/AXLvUQsrIv7s2CGM=

omit.js@^1.0.0:
  version "1.0.0"
  resolved "https://registry.yarnpkg.com/omit.js/-/omit.js-1.0.0.tgz#e013cb86a7517b9cf6f7cfb0ddb4297256a99288"
  integrity sha512-O1rwbvEfAdhtonTv+v6IQeMOKTi/wlHcXpI3hehyPDlujkjSBQC6Vtzg0mdy+v2KVDmuPf7hAbHlTBM6q1bUHQ==
  dependencies:
    babel-runtime "^6.23.0"

path-to-regexp@^1.7.0:
  version "1.7.0"
  resolved "https://registry.yarnpkg.com/path-to-regexp/-/path-to-regexp-1.7.0.tgz#59fde0f435badacba103a84e9d3bc64e96b9937d"
  integrity sha1-Wf3g9DW62suhA6hOnTvGTpa5k30=
  dependencies:
    isarray "0.0.1"

performance-now@^2.1.0:
  version "2.1.0"
  resolved "https://registry.yarnpkg.com/performance-now/-/performance-now-2.1.0.tgz#6309f4e0e5fa913ec1c69307ae364b4b377c9e7b"
  integrity sha1-Ywn04OX6kT7BxpMHrjZLSzd8nns=

prettier@^1.14.3:
  version "1.15.3"
  resolved "https://registry.yarnpkg.com/prettier/-/prettier-1.15.3.tgz#1feaac5bdd181237b54dbe65d874e02a1472786a"
  integrity sha512-gAU9AGAPMaKb3NNSUUuhhFAS7SCO4ALTN4nRIn6PJ075Qd28Yn2Ig2ahEJWdJwJmlEBTUfC7mMUSFy8MwsOCfg==

promise@^7.1.1:
  version "7.3.1"
  resolved "https://registry.yarnpkg.com/promise/-/promise-7.3.1.tgz#064b72602b18f90f29192b8b1bc418ffd1ebd3bf"
  integrity sha512-nolQXZ/4L+bP/UGlkfaIujX9BKxGwmQ9OT4mOt5yvy8iK1h3wqTEJCijzGANTCCl9nWjY41juyAn2K3Q1hLLTg==
  dependencies:
    asap "~2.0.3"

prop-types@15.x, prop-types@^15.5.0, prop-types@^15.5.10, prop-types@^15.5.4, prop-types@^15.5.6, prop-types@^15.5.7, prop-types@^15.5.8, prop-types@^15.5.9, prop-types@^15.6.0, prop-types@^15.6.1, prop-types@^15.6.2:
  version "15.6.2"
  resolved "https://registry.yarnpkg.com/prop-types/-/prop-types-15.6.2.tgz#05d5ca77b4453e985d60fc7ff8c859094a497102"
  integrity sha512-3pboPvLiWD7dkI3qf3KbUe6hKFKa52w+AE0VCqECtf+QHAKgOL37tTaNCnuX1nAAQ4ZhyP+kYVKf8rLmJ/feDQ==
  dependencies:
    loose-envify "^1.3.1"
    object-assign "^4.1.1"

raf@^3.4.0, raf@^3.4.1:
  version "3.4.1"
  resolved "https://registry.yarnpkg.com/raf/-/raf-3.4.1.tgz#0742e99a4a6552f445d73e3ee0328af0ff1ede39"
  integrity sha512-Sq4CW4QhwOHE8ucn6J34MqtZCeWFP2aQSmrlroYgqAV1PjStIhJXxYuTgUIfkEk7zTLjmIjLmU5q+fbD1NnOJA==
  dependencies:
    performance-now "^2.1.0"

rc-align@^2.4.0, rc-align@^2.4.1:
  version "2.4.3"
  resolved "https://registry.yarnpkg.com/rc-align/-/rc-align-2.4.3.tgz#b9b3c2a6d68adae71a8e1d041cd5e3b2a655f99a"
  integrity sha512-h5KgyB5IXYR7iKpYFcMr54cuQ2eozPCZ11kbXPG5+6CWvmyJ+c0R/yjndVndiNk2G3MKcTMbJNdDv5DIckLAxQ==
  dependencies:
    babel-runtime "^6.26.0"
    dom-align "^1.7.0"
    prop-types "^15.5.8"
    rc-util "^4.0.4"

rc-animate@2.x, rc-animate@^2.3.0, rc-animate@^2.5.4:
  version "2.6.0"
  resolved "https://registry.yarnpkg.com/rc-animate/-/rc-animate-2.6.0.tgz#ca8440d042781af7a1329d84f97ea94794c5ec15"
  integrity sha512-JXDycchgbOI+7T/VKmFWnAIn042LLScK1fNkmNunb0jz5q5aPGCAybx2bTo7X5t31Jkj9OsxKNb/vZPDPWufCg==
  dependencies:
    babel-runtime "6.x"
    classnames "^2.2.6"
    css-animation "^1.3.2"
    prop-types "15.x"
    raf "^3.4.0"
    react-lifecycles-compat "^3.0.4"

rc-animate@^3.0.0-rc.1, rc-animate@^3.0.0-rc.4, rc-animate@^3.0.0-rc.5:
  version "3.0.0-rc.6"
  resolved "https://registry.yarnpkg.com/rc-animate/-/rc-animate-3.0.0-rc.6.tgz#04288eefa118e0cae214536c8a903ffaac1bc3fb"
  integrity sha512-oBLPpiT6Q4t6YvD/pkLcmofBP1p01TX0Otse8Q4+Mxt8J+VSDflLZGIgf62EwkvRwsQUkLPjZVFBsldnPKLzjg==
  dependencies:
    babel-runtime "6.x"
    classnames "^2.2.5"
    component-classes "^1.2.6"
    fbjs "^0.8.16"
    prop-types "15.x"
    raf "^3.4.0"
    rc-util "^4.5.0"
    react-lifecycles-compat "^3.0.4"

rc-calendar@~9.10.3:
  version "9.10.7"
  resolved "https://registry.yarnpkg.com/rc-calendar/-/rc-calendar-9.10.7.tgz#58492d1fab6e713d775a48c399455f8f9b543738"
  integrity sha512-RoARDXiOv6NhEzcihWx+3aw2fCGbXbr0nBiQ30tNmQnHoqCyB4623g5ae/XpEQeauBgQbiwpV6N2ynvOan+2Tg==
  dependencies:
    babel-runtime "6.x"
    classnames "2.x"
    moment "2.x"
    prop-types "^15.5.8"
    rc-trigger "^2.2.0"
    rc-util "^4.1.1"
    react-lifecycles-compat "^3.0.4"

rc-cascader@~0.17.0:
  version "0.17.1"
  resolved "https://registry.yarnpkg.com/rc-cascader/-/rc-cascader-0.17.1.tgz#914481c3370b5fd8f82e4f9df9b6596dfeda14d5"
  integrity sha512-JED1iOLpj1+uob+0Asd4zwhhMRp3gLs2iYOY2/0OsdEsPc8Qj6TUwj8+isVtqyXiwGWG3vo8XgO6KCM/i7ZFqQ==
  dependencies:
    array-tree-filter "^2.1.0"
    prop-types "^15.5.8"
    rc-trigger "^2.2.0"
    rc-util "^4.0.4"
    react-lifecycles-compat "^3.0.4"
    shallow-equal "^1.0.0"
    warning "^4.0.1"

rc-checkbox@~2.1.5:
  version "2.1.6"
  resolved "https://registry.yarnpkg.com/rc-checkbox/-/rc-checkbox-2.1.6.tgz#5dc00653e5277018c431fec55e38b91c1f976e90"
  integrity sha512-+VxQbt2Cwe1PxCvwosrAYXT6EQeGwrbLJB2K+IPGCSRPCKnk9zcub/0eW8A4kxjyyfh60PkwsAUZ7qmB31OmRA==
  dependencies:
    babel-runtime "^6.23.0"
    classnames "2.x"
    prop-types "15.x"
    rc-util "^4.0.4"

rc-collapse@~1.10.2:
  version "1.10.2"
  resolved "https://registry.yarnpkg.com/rc-collapse/-/rc-collapse-1.10.2.tgz#2136c9aca8f5f8e2af66d6454adde56693fa0f00"
  integrity sha512-AtEE4rMXEBT05gScduc+NQf/257wqE0xk4tNX4N1DBq0qTx19xGcwX3EXDD+ZF8KuZ/A25pgmviXad/hthNQSg==
  dependencies:
    classnames "2.x"
    css-animation "1.x"
    prop-types "^15.5.6"
    rc-animate "2.x"
    react-is "^16.7.0"

rc-dialog@~7.3.0:
  version "7.3.0"
  resolved "https://registry.yarnpkg.com/rc-dialog/-/rc-dialog-7.3.0.tgz#d5b8c4bb4f4b2ac38bb5a839ab9e255b8a88b1ac"
  integrity sha512-YLQHqZuU0cO02LUwhCsCCtvSw24SKLrT4DkNHCNGGcH9YpZP/IOFaH4zVUmXGEQiwyt0D1f3volHthMCKzLzMg==
  dependencies:
    babel-runtime "6.x"
    rc-animate "2.x"
    rc-util "^4.4.0"

rc-drawer@~1.7.6:
  version "1.7.7"
  resolved "https://registry.yarnpkg.com/rc-drawer/-/rc-drawer-1.7.7.tgz#b014d1de52457c85c4f3e1f0d647a54031dd260c"
  integrity sha512-7dESNkClYdWGSdBdwcfeOz6DUCqzrW44QT013fsTBJIiWNLSLgDV5KoHKXG8VTJWU4mBn7M5Lqgyr94CRZcxGA==
  dependencies:
    babel-runtime "6.x"
    classnames "^2.2.5"
    prop-types "^15.5.0"
    rc-util "^4.5.1"

rc-dropdown@~2.4.1:
  version "2.4.1"
  resolved "https://registry.yarnpkg.com/rc-dropdown/-/rc-dropdown-2.4.1.tgz#aaef6eb3a5152cdd9982895c2a78d9b5f046cdec"
  integrity sha512-p0XYn0wrOpAZ2fUGE6YJ6U8JBNc5ASijznZ6dkojdaEfQJAeZtV9KMEewhxkVlxGSbbdXe10ptjBlTEW9vEwEg==
  dependencies:
    babel-runtime "^6.26.0"
    classnames "^2.2.6"
    prop-types "^15.5.8"
    rc-trigger "^2.5.1"
    react-lifecycles-compat "^3.0.2"

rc-editor-core@~0.8.3:
  version "0.8.8"
  resolved "https://registry.yarnpkg.com/rc-editor-core/-/rc-editor-core-0.8.8.tgz#331034cb8d50df218839fb399cdfb2a913e71630"
  integrity sha512-4zT4Z8BtQSDcdh9mGXrsVCzUXmXKpe2U2VJSKOAErh5J4yTzJxSOfJon+nHxZyJZEKXg7rZvwrnhogXZzYNIng==
  dependencies:
    babel-runtime "^6.26.0"
    classnames "^2.2.5"
    draft-js "^0.10.0"
    immutable "^3.7.4"
    lodash "^4.16.5"
    prop-types "^15.5.8"
    setimmediate "^1.0.5"

rc-editor-mention@^1.1.7:
  version "1.1.12"
  resolved "https://registry.yarnpkg.com/rc-editor-mention/-/rc-editor-mention-1.1.12.tgz#896bcb172112f18812e96fdd33ba603c0fc7306a"
  integrity sha512-cPm2rQ7P+hXaKMsO0ajVv08QlTDcSPVtw8/lVr9D+QzQKRPChCqLw9rVGOa4YGYTeS3gVe8lBfLr8a9JKFk3gA==
  dependencies:
    babel-runtime "^6.23.0"
    classnames "^2.2.5"
    dom-scroll-into-view "^1.2.0"
    draft-js "~0.10.0"
    immutable "^3.7.4"
    prop-types "^15.5.8"
    rc-animate "^2.3.0"
    rc-editor-core "~0.8.3"

rc-form@^2.4.0:
  version "2.4.1"
  resolved "https://registry.yarnpkg.com/rc-form/-/rc-form-2.4.1.tgz#b1685533d13cbdf2a2ba2051ebdc30f3d9c3a8dd"
  integrity sha512-ZWnAR5w63fNUdeY/EuSpmrScM9EDxtgUbsSnao2BS9HIKIjqSCu6bJNX6SKvU7jRnklLOfEf8nCEMzibFZwplA==
  dependencies:
    async-validator "~1.8.5"
    babel-runtime "6.x"
    create-react-class "^15.5.3"
    dom-scroll-into-view "1.x"
    hoist-non-react-statics "^2.3.1"
    lodash "^4.17.4"
    warning "^3.0.0"

rc-hammerjs@~0.6.0:
  version "0.6.9"
  resolved "https://registry.yarnpkg.com/rc-hammerjs/-/rc-hammerjs-0.6.9.tgz#9a4ddbda1b2ec8f9b9596091a6a989842a243907"
  integrity sha512-4llgWO3RgLyVbEqUdGsDfzUDqklRlQW5VEhE3x35IvhV+w//VPRG34SBavK3D2mD/UaLKaohgU41V4agiftC8g==
  dependencies:
    babel-runtime "6.x"
    hammerjs "^2.0.8"
    prop-types "^15.5.9"

rc-input-number@~4.3.7:
  version "4.3.8"
  resolved "https://registry.yarnpkg.com/rc-input-number/-/rc-input-number-4.3.8.tgz#6cb35dcd75bc45e2281c49304ff8ce464dcd223d"
  integrity sha512-xqaghe3gfa2z4ObSn9p/EqnEXNBENDCcTtGxUP+RgS1Q3sWomBNFrnR6Nv5NEwp2zel8gapXy+u5Fwp/047FOw==
  dependencies:
    babel-runtime "6.x"
    classnames "^2.2.0"
    is-negative-zero "^2.0.0"
    prop-types "^15.5.7"
    rc-util "^4.5.1"
    rmc-feedback "^2.0.0"

rc-menu@^7.3.0, rc-menu@~7.4.12:
  version "7.4.21"
  resolved "https://registry.yarnpkg.com/rc-menu/-/rc-menu-7.4.21.tgz#8a728afd8db81312c913511b6502d9de596d72fd"
  integrity sha512-TfcwybKLuw2WhEkplYH7iFMGlDbH6KhPcd+gv5J2oLQcgiGeUECzyOWSVaFRRlkpB7g2eNzXbha/AXN/Xyzvnw==
  dependencies:
    babel-runtime "6.x"
    classnames "2.x"
    dom-scroll-into-view "1.x"
    ismobilejs "^0.5.1"
    mini-store "^2.0.0"
    mutationobserver-shim "^0.3.2"
    prop-types "^15.5.6"
    rc-animate "2.x"
    rc-trigger "^2.3.0"
    rc-util "^4.1.0"
    resize-observer-polyfill "^1.5.0"

rc-notification@~3.3.0:
  version "3.3.0"
  resolved "https://registry.yarnpkg.com/rc-notification/-/rc-notification-3.3.0.tgz#af74fe7fc9ee4040eaa5e72dbd6d4088a3ecae2d"
  integrity sha512-T7wUryaKTNTO9gsWPCwRyC9P4FcKFTrIRsiNVXJhjlRbHKT0xZF3ag/gxXxZzPBDAf0l1vfgIrT+11cfWtZW0g==
  dependencies:
    babel-runtime "6.x"
    classnames "2.x"
    prop-types "^15.5.8"
    rc-animate "2.x"
    rc-util "^4.0.4"

rc-pagination@~1.17.7:
  version "1.17.8"
  resolved "https://registry.yarnpkg.com/rc-pagination/-/rc-pagination-1.17.8.tgz#65583bebe13fffe4de7f418e1a6c86374ceabceb"
  integrity sha512-duEV+K/b/nZNGr943+TMCEcY4xWkjAkpKW0Vr7fSR8wQk0DY7aTJC+k+vjl4X2EzEmPXqy85hibzpsO9vydKAw==
  dependencies:
    babel-runtime "6.x"
    prop-types "^15.5.7"
    react-lifecycles-compat "^3.0.4"

rc-progress@~2.2.6:
  version "2.2.7"
  resolved "https://registry.yarnpkg.com/rc-progress/-/rc-progress-2.2.7.tgz#e650928c83f54da876f39b957a680afa01b490f8"
  integrity sha512-uLHHpQO4/yFa/AX6Uw2dJFUIfAkfI6430h0a1XJX/A0Ja0wmuwjEa03biuKfKwwqz2skFiAaXco1GlgaJK9mKA==
  dependencies:
    babel-runtime "6.x"
    prop-types "^15.5.8"

rc-rate@~2.5.0:
  version "2.5.0"
  resolved "https://registry.yarnpkg.com/rc-rate/-/rc-rate-2.5.0.tgz#72d4984a03d0a7a0e6779c7a79efcea27626abf6"
  integrity sha512-aXX5klRqbVZxvLghcKnLqqo7LvLVCHswEDteWsm5Gb7NBIPa1YKTcAbvb5SZ4Z4i4EeRoZaPwygRAWsQgGtbKw==
  dependencies:
    classnames "^2.2.5"
    prop-types "^15.5.8"
    rc-util "^4.3.0"
    react-lifecycles-compat "^3.0.4"

rc-select@^8.6.7:
  version "8.7.0"
  resolved "https://registry.yarnpkg.com/rc-select/-/rc-select-8.7.0.tgz#7a79b58c7f0a402dff4ad8bb782c54adb17a3bd5"
  integrity sha512-YaNO4peulgvrqQCHGB2kdmS61enJUyQzxrpVKGDJkc+9wjnZ59X2O62QYyy8c/AcE/DNYawUmRVwN9xE3e0kVQ==
  dependencies:
    babel-runtime "^6.23.0"
    classnames "2.x"
    component-classes "1.x"
    dom-scroll-into-view "1.x"
    prop-types "^15.5.8"
    raf "^3.4.0"
    rc-animate "2.x"
    rc-menu "^7.3.0"
    rc-trigger "^2.5.4"
    rc-util "^4.0.4"
    react-lifecycles-compat "^3.0.2"
    warning "^4.0.2"

rc-slider@~8.6.3:
  version "8.6.4"
  resolved "https://registry.yarnpkg.com/rc-slider/-/rc-slider-8.6.4.tgz#b9d9000180f2b89bb71b58717753164b479fc75f"
  integrity sha512-CV2i2Ww6ib0EjFuBKvgjw3PgT6QwvWKC93iEpqPtrztZrx5wO9Iw//AUri4KHRqptW13AuBvFdEHovqLi6XFTw==
  dependencies:
    babel-runtime "6.x"
    classnames "^2.2.5"
    prop-types "^15.5.4"
    rc-tooltip "^3.7.0"
    rc-util "^4.0.4"
    shallowequal "^1.0.1"
    warning "^3.0.0"

rc-steps@~3.3.0:
  version "3.3.1"
  resolved "https://registry.yarnpkg.com/rc-steps/-/rc-steps-3.3.1.tgz#4877e2897331e3bfdb6b789e88aea78f4f15f732"
  integrity sha512-LGzmPYS9ETePo+6YbHlFukCdcKppeBZXO49ZxewaC7Cba00q0zrMXlexquZ4fm+9iz0IkpzwgmenvjsVWCmGOw==
  dependencies:
    babel-runtime "^6.23.0"
    classnames "^2.2.3"
    lodash "^4.17.5"
    prop-types "^15.5.7"

rc-switch@~1.8.0:
  version "1.8.0"
  resolved "https://registry.yarnpkg.com/rc-switch/-/rc-switch-1.8.0.tgz#cff32fd04c406d8c0c0397e69bc36350a333e236"
  integrity sha512-n4H+K2XJCqGwVQKwWOjbxl1kpdov0PVE9DGhzs/S20gk65s/nAOkpdO9tBD7IM/20KRNTBh0fEWkEedByrqh6w==
  dependencies:
    babel-runtime "^6.23.0"
    classnames "^2.2.1"
    prop-types "^15.5.6"

rc-table@~6.4.0:
  version "6.4.3"
  resolved "https://registry.yarnpkg.com/rc-table/-/rc-table-6.4.3.tgz#c84bdf3f45c123f40790e93a2a241b62f6b1e59f"
  integrity sha512-4/f7mS87EtNxM2vhIaA7I1J8hPZ5OiOQwmjac7RJTmGOFVA8PJDGwEipeyU/eC9RM7f3v4Lc+a05KCfIbRU4tg==
  dependencies:
    babel-runtime "6.x"
    classnames "^2.2.5"
    component-classes "^1.2.6"
    lodash "^4.17.5"
    mini-store "^2.0.0"
    prop-types "^15.5.8"
    rc-util "^4.0.4"
    react-lifecycles-compat "^3.0.2"
    shallowequal "^1.0.2"
    warning "^3.0.0"

rc-tabs@~9.5.2:
  version "9.5.8"
  resolved "https://registry.yarnpkg.com/rc-tabs/-/rc-tabs-9.5.8.tgz#c097e48999f704b5710307ca95db8bdfdf53c6a7"
  integrity sha512-fvkM5FLa0Kq9jz7YNE72T9WeMEbF264FIhqRnKyvmKtaam2lI81qxbofMEfBGhNxcv1whWlZStHj9b1Wi3Q24w==
  dependencies:
    babel-runtime "6.x"
    classnames "2.x"
    create-react-context "0.2.2"
    lodash "^4.17.5"
    prop-types "15.x"
    raf "^3.4.1"
    rc-hammerjs "~0.6.0"
    rc-util "^4.0.4"
    warning "^3.0.0"

rc-time-picker@~3.5.0:
  version "3.5.0"
  resolved "https://registry.yarnpkg.com/rc-time-picker/-/rc-time-picker-3.5.0.tgz#bbe8d50a677eff1cd65cb645cb0fc29f83b91c35"
  integrity sha512-swJyFZgR3P4UgFix5DP0fQQPKHP7WYEKlzbAWXd72TmFV80VCxmR+l0OWyCOjZgXfo9VJ/mEDzUnMSjP8/xyrg==
  dependencies:
    classnames "2.x"
    moment "2.x"
    prop-types "^15.5.8"
    rc-trigger "^2.2.0"

rc-tooltip@^3.7.0, rc-tooltip@~3.7.3:
  version "3.7.3"
  resolved "https://registry.yarnpkg.com/rc-tooltip/-/rc-tooltip-3.7.3.tgz#280aec6afcaa44e8dff0480fbaff9e87fc00aecc"
  integrity sha512-dE2ibukxxkrde7wH9W8ozHKUO4aQnPZ6qBHtrTH9LoO836PjDdiaWO73fgPB05VfJs9FbZdmGPVEbXCeOP99Ww==
  dependencies:
    babel-runtime "6.x"
    prop-types "^15.5.8"
    rc-trigger "^2.2.2"

rc-tree-select@~2.5.0:
  version "2.5.1"
  resolved "https://registry.yarnpkg.com/rc-tree-select/-/rc-tree-select-2.5.1.tgz#7efdec7f8df551c40f22660166916a18552049e5"
  integrity sha512-Oz0YyrDK8Gjz1n7ra/7qqH2HzcdMlPmFdVploQXCuMnp3m42kOhetwW0PlO6+NxTvapMws/MVwS8UUXIy0KajQ==
  dependencies:
    babel-runtime "^6.23.0"
    classnames "^2.2.1"
    prop-types "^15.5.8"
    raf "^3.4.0"
    rc-animate "^3.0.0-rc.4"
    rc-tree "~1.14.3"
    rc-trigger "^3.0.0-rc.2"
    rc-util "^4.5.0"
    react-lifecycles-compat "^3.0.4"
    shallowequal "^1.0.2"
    warning "^4.0.1"

rc-tree@~1.14.3, rc-tree@~1.14.6:
  version "1.14.9"
  resolved "https://registry.yarnpkg.com/rc-tree/-/rc-tree-1.14.9.tgz#a26634b401123471e187273dd2fd440de6b85958"
  integrity sha512-+B4657b3H0mTB4Jcd9EorydI1fevfJRukaTk/KYcbNzYhKgZFIEuT3PZrhJZoH/e+sBOEx04zSNA0uf6G6S/BA==
  dependencies:
    babel-runtime "^6.23.0"
    classnames "2.x"
    prop-types "^15.5.8"
    rc-animate "^3.0.0-rc.5"
    rc-util "^4.5.1"
    react-lifecycles-compat "^3.0.4"
    warning "^3.0.0"

rc-trigger@^2.2.0, rc-trigger@^2.2.2, rc-trigger@^2.3.0, rc-trigger@^2.5.1, rc-trigger@^2.5.4, rc-trigger@^2.6.2:
  version "2.6.2"
  resolved "https://registry.yarnpkg.com/rc-trigger/-/rc-trigger-2.6.2.tgz#a9c09ba5fad63af3b2ec46349c7db6cb46657001"
  integrity sha512-op4xCu95/gdHVaysyxxiYxbY+Z+UcIBSUY9nQfLqm1FlitdtnAN+owD5iMPfnnsRXntgcQ5+RdYKNUFQT5DjzA==
  dependencies:
    babel-runtime "6.x"
    classnames "^2.2.6"
    prop-types "15.x"
    rc-align "^2.4.0"
    rc-animate "2.x"
    rc-util "^4.4.0"

rc-trigger@^3.0.0-rc.2:
  version "3.0.0-rc.3"
  resolved "https://registry.yarnpkg.com/rc-trigger/-/rc-trigger-3.0.0-rc.3.tgz#35842df1674d25315e1426a44882a4c97652258b"
  integrity sha512-4vB6cpxcUdm2qO5VtB9q1TZz0MoWm9BzFLvGknulphGrl1qI6uxUsPDCvqnmujdpDdAKGGfjxntFpA7RtAwkFQ==
  dependencies:
    babel-runtime "6.x"
    classnames "^2.2.6"
    prop-types "15.x"
    raf "^3.4.0"
    rc-align "^2.4.1"
    rc-animate "^3.0.0-rc.1"
    rc-util "^4.4.0"

rc-upload@~2.6.0:
  version "2.6.1"
  resolved "https://registry.yarnpkg.com/rc-upload/-/rc-upload-2.6.1.tgz#bf1a81a294e53920c8451b5752f90208d3ae2247"
  integrity sha512-cYuHgy+wZZfQwwbuJuIBPdTmRYcfMddukZ9ayzuxlUJT77BUf6kgImfCj2CYTvpnTeIlDn8Wh79AAaC2PF1dIQ==
  dependencies:
    babel-runtime "6.x"
    classnames "^2.2.5"
    prop-types "^15.5.7"
    warning "2.x"

rc-util@^4.0.4, rc-util@^4.1.0, rc-util@^4.1.1, rc-util@^4.3.0, rc-util@^4.4.0, rc-util@^4.5.0, rc-util@^4.5.1:
  version "4.6.0"
  resolved "https://registry.yarnpkg.com/rc-util/-/rc-util-4.6.0.tgz#ba33721783192ec4f3afb259e182b04e55deb7f6"
  integrity sha512-rbgrzm1/i8mgfwOI4t1CwWK7wGe+OwX+dNa7PVMgxZYPBADGh86eD4OcJO1UKGeajIMDUUKMluaZxvgraQIOmw==
  dependencies:
    add-dom-event-listener "^1.1.0"
    babel-runtime "6.x"
    prop-types "^15.5.10"
    shallowequal "^0.2.2"

react-dom@^16.7.0:
  version "16.7.0"
  resolved "https://registry.yarnpkg.com/react-dom/-/react-dom-16.7.0.tgz#a17b2a7ca89ee7390bc1ed5eb81783c7461748b8"
  integrity sha512-D0Ufv1ExCAmF38P2Uh1lwpminZFRXEINJe53zRAbm4KPwSyd6DY/uDoS0Blj9jvPpn1+wivKpZYc8aAAN/nAkg==
  dependencies:
    loose-envify "^1.1.0"
    object-assign "^4.1.1"
    prop-types "^15.6.2"
    scheduler "^0.12.0"

react-is@^16.3.2, react-is@^16.6.3, react-is@^16.7.0:
  version "16.7.0"
  resolved "https://registry.yarnpkg.com/react-is/-/react-is-16.7.0.tgz#c1bd21c64f1f1364c6f70695ec02d69392f41bfa"
  integrity sha512-Z0VRQdF4NPDoI0tsXVMLkJLiwEBa+RP66g0xDHxgxysxSoCUccSten4RTF/UFvZF1dZvZ9Zu1sx+MDXwcOR34g==

react-lazy-load@^3.0.13:
  version "3.0.13"
  resolved "https://registry.yarnpkg.com/react-lazy-load/-/react-lazy-load-3.0.13.tgz#3b0a92d336d43d3f0d73cbe6f35b17050b08b824"
  integrity sha1-OwqS0zbUPT8Nc8vm81sXBQsIuCQ=
  dependencies:
    eventlistener "0.0.1"
    lodash.debounce "^4.0.0"
    lodash.throttle "^4.0.0"
    prop-types "^15.5.8"

react-lifecycles-compat@^3.0.2, react-lifecycles-compat@^3.0.4:
  version "3.0.4"
  resolved "https://registry.yarnpkg.com/react-lifecycles-compat/-/react-lifecycles-compat-3.0.4.tgz#4f1a273afdfc8f3488a8c516bfda78f872352362"
  integrity sha512-fBASbA6LnOU9dOU2eW7aQ8xmYBSXUIWr+UmF9b1efZBazGNO+rcXT/icdKnYm2pTwcRylVUYwW7H1PHfLekVzA==

react-redux@^6.0.0:
  version "6.0.0"
  resolved "https://registry.yarnpkg.com/react-redux/-/react-redux-6.0.0.tgz#09e86eeed5febb98e9442458ad2970c8f1a173ef"
  integrity sha512-EmbC3uLl60pw2VqSSkj6HpZ6jTk12RMrwXMBdYtM6niq0MdEaRq9KYCwpJflkOZj349BLGQm1MI/JO1W96kLWQ==
  dependencies:
    "@babel/runtime" "^7.2.0"
    hoist-non-react-statics "^3.2.1"
    invariant "^2.2.4"
    loose-envify "^1.4.0"
    prop-types "^15.6.2"
    react-is "^16.6.3"

react-router-dom@^4.3.1:
  version "4.3.1"
  resolved "https://registry.yarnpkg.com/react-router-dom/-/react-router-dom-4.3.1.tgz#4c2619fc24c4fa87c9fd18f4fb4a43fe63fbd5c6"
  integrity sha512-c/MlywfxDdCp7EnB7YfPMOfMD3tOtIjrQlj/CKfNMBxdmpJP8xcz5P/UAFn3JbnQCNUxsHyVVqllF9LhgVyFCA==
  dependencies:
    history "^4.7.2"
    invariant "^2.2.4"
    loose-envify "^1.3.1"
    prop-types "^15.6.1"
    react-router "^4.3.1"
    warning "^4.0.1"

react-router@^4.3.1:
  version "4.3.1"
  resolved "https://registry.yarnpkg.com/react-router/-/react-router-4.3.1.tgz#aada4aef14c809cb2e686b05cee4742234506c4e"
  integrity sha512-yrvL8AogDh2X42Dt9iknk4wF4V8bWREPirFfS9gLU1huk6qK41sg7Z/1S81jjTrGHxa3B8R3J6xIkDAA6CVarg==
  dependencies:
    history "^4.7.2"
    hoist-non-react-statics "^2.5.0"
    invariant "^2.2.4"
    loose-envify "^1.3.1"
    path-to-regexp "^1.7.0"
    prop-types "^15.6.1"
    warning "^4.0.1"

react-semantic-redux-form@^1.2.6:
  version "1.2.6"
  resolved "https://registry.yarnpkg.com/react-semantic-redux-form/-/react-semantic-redux-form-1.2.6.tgz#c91e1c80bee8abf4895e10a9e7be271f2f76a6a9"
  integrity sha1-yR4cgL7oq/SJXhCp574nHy92pqk=
  dependencies:
    react "^15.6.1"
    redux-form "^7.0.3"
    semantic-ui-react "^0.78.2"

react-slick@~0.23.2:
  version "0.23.2"
  resolved "https://registry.yarnpkg.com/react-slick/-/react-slick-0.23.2.tgz#8d8bdbc77a6678e8ad36f50c32578c7c0f1c54f6"
  integrity sha512-fM6DXX7+22eOcYE9cgaXUfioZL/Zw6fwS6aPMDBt0kLHl4H4fFNEbp4JsJQdEWMLUNFtUytNcvd9KRml22Tp5w==
  dependencies:
    classnames "^2.2.5"
    enquire.js "^2.1.6"
    json2mq "^0.2.0"
    lodash.debounce "^4.0.8"
    prettier "^1.14.3"
    resize-observer-polyfill "^1.5.0"

react@^15.6.1:
  version "15.6.2"
  resolved "https://registry.yarnpkg.com/react/-/react-15.6.2.tgz#dba0434ab439cfe82f108f0f511663908179aa72"
  integrity sha1-26BDSrQ5z+gvEI8PURZjkIF5qnI=
  dependencies:
    create-react-class "^15.6.0"
    fbjs "^0.8.9"
    loose-envify "^1.1.0"
    object-assign "^4.1.0"
    prop-types "^15.5.10"

react@^16.7.0:
  version "16.7.0"
  resolved "https://registry.yarnpkg.com/react/-/react-16.7.0.tgz#b674ec396b0a5715873b350446f7ea0802ab6381"
  integrity sha512-StCz3QY8lxTb5cl2HJxjwLFOXPIFQp+p+hxQfc8WE0QiLfCtIlKj8/+5tjjKm8uSTlAW+fCPaavGFS06V9Ar3A==
  dependencies:
    loose-envify "^1.1.0"
    object-assign "^4.1.1"
    prop-types "^15.6.2"
    scheduler "^0.12.0"

redux-devtools-extension@^2.13.7:
  version "2.13.7"
  resolved "https://registry.yarnpkg.com/redux-devtools-extension/-/redux-devtools-extension-2.13.7.tgz#14bd7a1a7c8bee7f397beb1116fd16fc9633b752"
  integrity sha512-F2GlWMWxCTJGRjJ+GSZcGDcVAj6Pbf77FKb4C9S8eni5Eah6UBGNwxNj8K1MTtmItdZH1Wx+EvIifHN2KKcQrw==

redux-form@^7.0.3:
  version "7.4.2"
  resolved "https://registry.yarnpkg.com/redux-form/-/redux-form-7.4.2.tgz#d6061088fb682eb9fc5fb9749bd8b102f03154b0"
  integrity sha512-QxC36s4Lelx5Cr8dbpxqvl23dwYOydeAX8c6YPmgkz/Dhj053C16S2qoyZN6LO6HJ2oUF00rKsAyE94GwOUhFA==
  dependencies:
    es6-error "^4.1.1"
    hoist-non-react-statics "^2.5.4"
    invariant "^2.2.4"
    is-promise "^2.1.0"
    lodash "^4.17.10"
    lodash-es "^4.17.10"
    prop-types "^15.6.1"
    react-lifecycles-compat "^3.0.4"

redux-form@^8.1.0:
  version "8.1.0"
  resolved "https://registry.yarnpkg.com/redux-form/-/redux-form-8.1.0.tgz#087b39eaa96b6f5cc0764a30eca10e0459884cce"
  integrity sha512-d2+0OaJpSq3kwkbPtFlG3W/HENWLxX8NqqTHSOnfgIrID/9faH/rxejLa1X3HChilCTm71zWe/g9zaLPCMCofQ==
  dependencies:
    "@babel/runtime" "^7.2.0"
    es6-error "^4.1.1"
    hoist-non-react-statics "^3.2.1"
    invariant "^2.2.4"
    is-promise "^2.1.0"
    lodash "^4.17.11"
    lodash-es "^4.17.11"
    prop-types "^15.6.1"
    react-is "^16.7.0"
    react-lifecycles-compat "^3.0.4"

redux-logger@^3.0.6:
  version "3.0.6"
  resolved "https://registry.yarnpkg.com/redux-logger/-/redux-logger-3.0.6.tgz#f7555966f3098f3c88604c449cf0baf5778274bf"
  integrity sha1-91VZZvMJjzyIYExEnPC69XeCdL8=
  dependencies:
    deep-diff "^0.3.5"

redux-thunk@^2.3.0:
  version "2.3.0"
  resolved "https://registry.yarnpkg.com/redux-thunk/-/redux-thunk-2.3.0.tgz#51c2c19a185ed5187aaa9a2d08b666d0d6467622"
  integrity sha512-km6dclyFnmcvxhAcrQV2AkZmPQjzPDjgVlQtR0EQjxZPyJ0BnMf3in1ryuR8A2qU0HldVRfxYXbFSKlI3N7Slw==

redux@^4.0.1:
  version "4.0.1"
  resolved "https://registry.yarnpkg.com/redux/-/redux-4.0.1.tgz#436cae6cc40fbe4727689d7c8fae44808f1bfef5"
  integrity sha512-R7bAtSkk7nY6O/OYMVR9RiBI+XghjF9rlbl5806HJbQph0LJVHZrU5oaO4q70eUKiqMRqm4y07KLTlMZ2BlVmg==
  dependencies:
    loose-envify "^1.4.0"
    symbol-observable "^1.2.0"

regenerator-runtime@^0.11.0:
  version "0.11.1"
  resolved "https://registry.yarnpkg.com/regenerator-runtime/-/regenerator-runtime-0.11.1.tgz#be05ad7f9bf7d22e056f9726cee5017fbf19e2e9"
  integrity sha512-MguG95oij0fC3QV3URf4V2SDYGJhJnJGqvIIgdECeODCT98wSWDAJ94SSuVpYQUoTcGUIL6L4yNB7j1DFFHSBg==

regenerator-runtime@^0.12.0:
  version "0.12.1"
  resolved "https://registry.yarnpkg.com/regenerator-runtime/-/regenerator-runtime-0.12.1.tgz#fa1a71544764c036f8c49b13a08b2594c9f8a0de"
  integrity sha512-odxIc1/vDlo4iZcfXqRYFj0vpXFNoGdKMAUieAlFYO6m/nl5e9KR/beGf41z4a1FI+aQgtjhuaSlDxQ0hmkrHg==

resize-observer-polyfill@^1.5.0:
  version "1.5.1"
  resolved "https://registry.yarnpkg.com/resize-observer-polyfill/-/resize-observer-polyfill-1.5.1.tgz#0e9020dd3d21024458d4ebd27e23e40269810464"
  integrity sha512-LwZrotdHOo12nQuZlHEmtuXdqGoOD0OhaxopaNFxWzInpEgaLWoVuAMbTzixuosCx2nEG58ngzW3vxdWoxIgdg==

resolve-pathname@^2.2.0:
  version "2.2.0"
  resolved "https://registry.yarnpkg.com/resolve-pathname/-/resolve-pathname-2.2.0.tgz#7e9ae21ed815fd63ab189adeee64dc831eefa879"
  integrity sha512-bAFz9ld18RzJfddgrO2e/0S2O81710++chRMUxHjXOYKF6jTAMrUNZrEZ1PvV0zlhfjidm08iRPdTLPno1FuRg==

rmc-feedback@^2.0.0:
  version "2.0.0"
  resolved "https://registry.yarnpkg.com/rmc-feedback/-/rmc-feedback-2.0.0.tgz#cbc6cb3ae63c7a635eef0e25e4fbaf5ac366eeaa"
  integrity sha512-5PWOGOW7VXks/l3JzlOU9NIxRpuaSS8d9zA3UULUCuTKnpwBHNvv1jSJzxgbbCQeYzROWUpgKI4za3X4C/mKmQ==
  dependencies:
    babel-runtime "6.x"
    classnames "^2.2.5"

"safer-buffer@>= 2.1.2 < 3":
  version "2.1.2"
  resolved "https://registry.yarnpkg.com/safer-buffer/-/safer-buffer-2.1.2.tgz#44fa161b0187b9549dd84bb91802f9bd8385cd6a"
  integrity sha512-YZo3K82SD7Riyi0E1EQPojLz7kpepnSQI9IyPbHHg1XXXevb5dJI7tpyN2ADxGcQbHG7vcyRHk0cbwqcQriUtg==

scheduler@^0.12.0:
  version "0.12.0"
  resolved "https://registry.yarnpkg.com/scheduler/-/scheduler-0.12.0.tgz#8ab17699939c0aedc5a196a657743c496538647b"
  integrity sha512-t7MBR28Akcp4Jm+QoR63XgAi9YgCUmgvDHqf5otgAj4QvdoBE4ImCX0ffehefePPG+aitiYHp0g/mW6s4Tp+dw==
  dependencies:
    loose-envify "^1.1.0"
    object-assign "^4.1.1"

semantic-ui-calendar-react@^0.13.0:
  version "0.13.0"
  resolved "https://registry.yarnpkg.com/semantic-ui-calendar-react/-/semantic-ui-calendar-react-0.13.0.tgz#c826827fc846641aba2d81f53744d474784bfe22"
  integrity sha512-+DhCcj2GZBQspW2dY8Q0rKL4a1u9bCb1XP138KXbl23ZPRWbLK9+gHbbnL1fs3VlLjwoKMBaZGUs80gbGIN1CQ==
  dependencies:
    keyboard-key "^1.0.2"
    lodash "^4.17.10"
    moment "^2.22.2"
    prop-types "^15.6.2"

semantic-ui-react@^0.78.2:
  version "0.78.3"
  resolved "https://registry.yarnpkg.com/semantic-ui-react/-/semantic-ui-react-0.78.3.tgz#c45ca374c8f1b61bc4fbe29e564a5fe6af5403f8"
  integrity sha512-JRmuqjyigCehHfzrS2ir5nGoytZWCifU8G2T++G/CMdahUJBME7S6E9rU7WW9Qg2Fqn2aJIxfn6Ry/rlOTJDOw==
  dependencies:
    babel-runtime "^6.25.0"
    classnames "^2.2.5"
    fbjs "^0.8.16"
    lodash "^4.17.4"
    prop-types "^15.5.10"

semantic-ui-react@^0.84.0:
  version "0.84.0"
  resolved "https://registry.yarnpkg.com/semantic-ui-react/-/semantic-ui-react-0.84.0.tgz#43f908fd547b1e8b2b108675a93cd7d7460bcdbe"
  integrity sha512-OOqdtH+hBxVlh/lQa+zet9MEPcA8cBUo7ePVYZhx82hwF5Ky47FiWrgLk3ZSNie7bb4VkuiuLR9y5cY0EooRlw==
  dependencies:
    "@babel/runtime" "^7.1.2"
    "@semantic-ui-react/event-stack" "^3.0.1"
    classnames "^2.2.6"
    keyboard-key "^1.0.2"
    lodash "^4.17.11"
    prop-types "^15.6.2"
    shallowequal "^1.1.0"

setimmediate@^1.0.5:
  version "1.0.5"
  resolved "https://registry.yarnpkg.com/setimmediate/-/setimmediate-1.0.5.tgz#290cbb232e306942d7d7ea9b83732ab7856f8285"
  integrity sha1-KQy7Iy4waULX1+qbg3Mqt4VvgoU=

shallow-equal@^1.0.0:
  version "1.0.0"
  resolved "https://registry.yarnpkg.com/shallow-equal/-/shallow-equal-1.0.0.tgz#508d1838b3de590ab8757b011b25e430900945f7"
  integrity sha1-UI0YOLPeWQq4dXsBGyXkMJAJRfc=

shallowequal@^0.2.2:
  version "0.2.2"
  resolved "https://registry.yarnpkg.com/shallowequal/-/shallowequal-0.2.2.tgz#1e32fd5bcab6ad688a4812cb0cc04efc75c7014e"
  integrity sha1-HjL9W8q2rWiKSBLLDMBO/HXHAU4=
  dependencies:
    lodash.keys "^3.1.2"

shallowequal@^1.0.1, shallowequal@^1.0.2, shallowequal@^1.1.0:
  version "1.1.0"
  resolved "https://registry.yarnpkg.com/shallowequal/-/shallowequal-1.1.0.tgz#188d521de95b9087404fd4dcb68b13df0ae4e7f8"
  integrity sha512-y0m1JoUZSlPAjXVtPPW70aZWfIL/dSP7AFkRnniLCrK/8MDKog3TySTBmckD+RObVxH0v4Tox67+F14PdED2oQ==

string-convert@^0.2.0:
  version "0.2.1"
  resolved "https://registry.yarnpkg.com/string-convert/-/string-convert-0.2.1.tgz#6982cc3049fbb4cd85f8b24568b9d9bf39eeff97"
  integrity sha1-aYLMMEn7tM2F+LJFaLnZvznu/5c=

symbol-observable@^1.2.0:
  version "1.2.0"
  resolved "https://registry.yarnpkg.com/symbol-observable/-/symbol-observable-1.2.0.tgz#c22688aed4eab3cdc2dfeacbb561660560a00804"
  integrity sha512-e900nM8RRtGhlV36KGEU9k65K3mPb1WV70OdjfxlG2EAuM1noi/E/BaW/uMhL7bPEssK8QV57vN3esixjUvcXQ==

tinycolor2@^1.4.1:
  version "1.4.1"
  resolved "https://registry.yarnpkg.com/tinycolor2/-/tinycolor2-1.4.1.tgz#f4fad333447bc0b07d4dc8e9209d8f39a8ac77e8"
  integrity sha1-9PrTM0R7wLB9TcjpIJ2POaisd+g=

ua-parser-js@^0.7.18:
  version "0.7.19"
  resolved "https://registry.yarnpkg.com/ua-parser-js/-/ua-parser-js-0.7.19.tgz#94151be4c0a7fb1d001af7022fdaca4642659e4b"
  integrity sha512-T3PVJ6uz8i0HzPxOF9SWzWAlfN/DavlpQqepn22xgve/5QecC+XMCAtmUNnY7C9StehaV6exjUCI801lOI7QlQ==

validator@^10.11.0:
  version "10.11.0"
  resolved "https://registry.yarnpkg.com/validator/-/validator-10.11.0.tgz#003108ea6e9a9874d31ccc9e5006856ccd76b228"
  integrity sha512-X/p3UZerAIsbBfN/IwahhYaBbY68EN/UQBWHtsbXGT5bfrH/p4NQzUCG1kF/rtKaNpnJ7jAu6NGTdSNtyNIXMw==

value-equal@^0.4.0:
  version "0.4.0"
  resolved "https://registry.yarnpkg.com/value-equal/-/value-equal-0.4.0.tgz#c5bdd2f54ee093c04839d71ce2e4758a6890abc7"
  integrity sha512-x+cYdNnaA3CxvMaTX0INdTCN8m8aF2uY9BvEqmxuYp8bL09cs/kWVQPVGcA35fMktdOsP69IgU7wFj/61dJHEw==

warning@2.x:
  version "2.1.0"
  resolved "https://registry.yarnpkg.com/warning/-/warning-2.1.0.tgz#21220d9c63afc77a8c92111e011af705ce0c6901"
  integrity sha1-ISINnGOvx3qMkhEeARr3Bc4MaQE=
  dependencies:
    loose-envify "^1.0.0"

warning@^3.0.0:
  version "3.0.0"
  resolved "https://registry.yarnpkg.com/warning/-/warning-3.0.0.tgz#32e5377cb572de4ab04753bdf8821c01ed605b7c"
  integrity sha1-MuU3fLVy3kqwR1O9+IIcAe1gW3w=
  dependencies:
    loose-envify "^1.0.0"

warning@^4.0.1, warning@^4.0.2, warning@~4.0.2:
  version "4.0.2"
  resolved "https://registry.yarnpkg.com/warning/-/warning-4.0.2.tgz#aa6876480872116fa3e11d434b0d0d8d91e44607"
  integrity sha512-wbTp09q/9C+jJn4KKJfJfoS6VleK/Dti0yqWSm6KMvJ4MRCXFQNapHuJXutJIrWV0Cf4AhTdeIe4qdKHR1+Hug==
  dependencies:
    loose-envify "^1.0.0"

whatwg-fetch@>=0.10.0:
  version "3.0.0"
  resolved "https://registry.yarnpkg.com/whatwg-fetch/-/whatwg-fetch-3.0.0.tgz#fc804e458cc460009b1a2b966bc8817d2578aefb"
  integrity sha512-9GSJUgz1D4MfyKU7KRqwOjXCXTqWdFNvEr7eUBYchQiVc744mqK/MzXPNR2WsPkmkOa4ywfg8C2n8h+13Bey1Q==
